
Microsoft Visual Studio Solution File, Format Version 12.00
# Visual Studio Version 16
VisualStudioVersion = 16.0.30907.101
MinimumVisualStudioVersion = 10.0.40219.1
Project("{8BC9CEB8-8B4A-11D0-8D11-00A0C91BC942}") = "2", "2\2.vcxproj", "{B96C351F-A2CC-4E43-9CE0-3C3DBA5B3869}"
EndProject
Global
	GlobalSection(SolutionConfigurationPlatforms) = preSolution
		Debug|x64 = Debug|x64
		Debug|x86 = Debug|x86
		Release|x64 = Release|x64
		Release|x86 = Release|x86
	EndGlobalSection
	GlobalSection(ProjectConfigurationPlatforms) = postSolution
		{B96C351F-A2CC-4E43-9CE0-3C3DBA5B3869}.Debug|x64.ActiveCfg = Debug|x64
		{B96C351F-A2CC-4E43-9CE0-3C3DBA5B3869}.Debug|x64.Build.0 = Debug|x64
		{B96C351F-A2CC-4E43-9CE0-3C3DBA5B3869}.Debug|x86.ActiveCfg = Debug|Win32
		{B96C351F-A2CC-4E43-9CE0-3C3DBA5B3869}.Debug|x86.Build.0 = Debug|Win32
		{B96C351F-A2CC-4E43-9CE0-3C3DBA5B3869}.Release|x64.ActiveCfg = Release|x64
		{B96C351F-A2CC-4E43-9CE0-3C3DBA5B3869}.Release|x64.Build.0 = Release|x64
		{B96C351F-A2CC-4E43-9CE0-3C3DBA5B3869}.Release|x86.ActiveCfg = Release|Win32
		{B96C351F-A2CC-4E43-9CE0-3C3DBA5B3869}.Release|x86.Build.0 = Release|Win32
	EndGlobalSection
	GlobalSection(SolutionProperties) = preSolution
		HideSolutionNode = FALSE
	EndGlobalSection
	GlobalSection(ExtensibilityGlobals) = postSolution
		SolutionGuid = {DED28D60-F4FE-4A9E-8D08-C99EF14A6575}
	EndGlobalSection
EndGlobal
