
Microsoft Visual Studio Solution File, Format Version 12.00
# Visual Studio Version 16
VisualStudioVersion = 16.0.30907.101
MinimumVisualStudioVersion = 10.0.40219.1
Project("{8BC9CEB8-8B4A-11D0-8D11-00A0C91BC942}") = "2", "2\2.vcxproj", "{38DB17E0-8387-472B-8D27-E0A3A6D2659A}"
EndProject
Global
	GlobalSection(SolutionConfigurationPlatforms) = preSolution
		Debug|x64 = Debug|x64
		Debug|x86 = Debug|x86
		Release|x64 = Release|x64
		Release|x86 = Release|x86
	EndGlobalSection
	GlobalSection(ProjectConfigurationPlatforms) = postSolution
		{38DB17E0-8387-472B-8D27-E0A3A6D2659A}.Debug|x64.ActiveCfg = Debug|x64
		{38DB17E0-8387-472B-8D27-E0A3A6D2659A}.Debug|x64.Build.0 = Debug|x64
		{38DB17E0-8387-472B-8D27-E0A3A6D2659A}.Debug|x86.ActiveCfg = Debug|Win32
		{38DB17E0-8387-472B-8D27-E0A3A6D2659A}.Debug|x86.Build.0 = Debug|Win32
		{38DB17E0-8387-472B-8D27-E0A3A6D2659A}.Release|x64.ActiveCfg = Release|x64
		{38DB17E0-8387-472B-8D27-E0A3A6D2659A}.Release|x64.Build.0 = Release|x64
		{38DB17E0-8387-472B-8D27-E0A3A6D2659A}.Release|x86.ActiveCfg = Release|Win32
		{38DB17E0-8387-472B-8D27-E0A3A6D2659A}.Release|x86.Build.0 = Release|Win32
	EndGlobalSection
	GlobalSection(SolutionProperties) = preSolution
		HideSolutionNode = FALSE
	EndGlobalSection
	GlobalSection(ExtensibilityGlobals) = postSolution
		SolutionGuid = {97AA1BBD-64BD-42BE-AD21-CE456FA8953F}
	EndGlobalSection
EndGlobal
