
Microsoft Visual Studio Solution File, Format Version 12.00
# Visual Studio Version 16
VisualStudioVersion = 16.0.30907.101
MinimumVisualStudioVersion = 10.0.40219.1
Project("{8BC9CEB8-8B4A-11D0-8D11-00A0C91BC942}") = "1", "1\1.vcxproj", "{9B12E16A-2061-4079-A0EA-F2C83ABB990D}"
EndProject
Global
	GlobalSection(SolutionConfigurationPlatforms) = preSolution
		Debug|x64 = Debug|x64
		Debug|x86 = Debug|x86
		Release|x64 = Release|x64
		Release|x86 = Release|x86
	EndGlobalSection
	GlobalSection(ProjectConfigurationPlatforms) = postSolution
		{9B12E16A-2061-4079-A0EA-F2C83ABB990D}.Debug|x64.ActiveCfg = Debug|x64
		{9B12E16A-2061-4079-A0EA-F2C83ABB990D}.Debug|x64.Build.0 = Debug|x64
		{9B12E16A-2061-4079-A0EA-F2C83ABB990D}.Debug|x86.ActiveCfg = Debug|Win32
		{9B12E16A-2061-4079-A0EA-F2C83ABB990D}.Debug|x86.Build.0 = Debug|Win32
		{9B12E16A-2061-4079-A0EA-F2C83ABB990D}.Release|x64.ActiveCfg = Release|x64
		{9B12E16A-2061-4079-A0EA-F2C83ABB990D}.Release|x64.Build.0 = Release|x64
		{9B12E16A-2061-4079-A0EA-F2C83ABB990D}.Release|x86.ActiveCfg = Release|Win32
		{9B12E16A-2061-4079-A0EA-F2C83ABB990D}.Release|x86.Build.0 = Release|Win32
	EndGlobalSection
	GlobalSection(SolutionProperties) = preSolution
		HideSolutionNode = FALSE
	EndGlobalSection
	GlobalSection(ExtensibilityGlobals) = postSolution
		SolutionGuid = {81DFA618-B309-43FE-BC60-314DC23F38AF}
	EndGlobalSection
EndGlobal
