
Microsoft Visual Studio Solution File, Format Version 12.00
# Visual Studio Version 16
VisualStudioVersion = 16.0.30907.101
MinimumVisualStudioVersion = 10.0.40219.1
Project("{8BC9CEB8-8B4A-11D0-8D11-00A0C91BC942}") = "4", "4\4.vcxproj", "{7D1C3EF9-7CB6-40A5-8364-054ABCA422F5}"
EndProject
Global
	GlobalSection(SolutionConfigurationPlatforms) = preSolution
		Debug|x64 = Debug|x64
		Debug|x86 = Debug|x86
		Release|x64 = Release|x64
		Release|x86 = Release|x86
	EndGlobalSection
	GlobalSection(ProjectConfigurationPlatforms) = postSolution
		{7D1C3EF9-7CB6-40A5-8364-054ABCA422F5}.Debug|x64.ActiveCfg = Debug|x64
		{7D1C3EF9-7CB6-40A5-8364-054ABCA422F5}.Debug|x64.Build.0 = Debug|x64
		{7D1C3EF9-7CB6-40A5-8364-054ABCA422F5}.Debug|x86.ActiveCfg = Debug|Win32
		{7D1C3EF9-7CB6-40A5-8364-054ABCA422F5}.Debug|x86.Build.0 = Debug|Win32
		{7D1C3EF9-7CB6-40A5-8364-054ABCA422F5}.Release|x64.ActiveCfg = Release|x64
		{7D1C3EF9-7CB6-40A5-8364-054ABCA422F5}.Release|x64.Build.0 = Release|x64
		{7D1C3EF9-7CB6-40A5-8364-054ABCA422F5}.Release|x86.ActiveCfg = Release|Win32
		{7D1C3EF9-7CB6-40A5-8364-054ABCA422F5}.Release|x86.Build.0 = Release|Win32
	EndGlobalSection
	GlobalSection(SolutionProperties) = preSolution
		HideSolutionNode = FALSE
	EndGlobalSection
	GlobalSection(ExtensibilityGlobals) = postSolution
		SolutionGuid = {ED323353-A8E5-4261-A4FF-6634F2149284}
	EndGlobalSection
EndGlobal
